
Microsoft Visual Studio Solution File, Format Version 12.00
# Visual Studio 14
VisualStudioVersion = 14.0.25420.1
MinimumVisualStudioVersion = 10.0.40219.1
Project("{FAE04EC0-301F-11D3-BF4B-00C04F79EFBC}") = "TestHello2", "TestHello2\TestHello2.csproj", "{A61EDC9B-ABE6-4488-B5B3-6EC70DF793DB}"
EndProject
Global
	GlobalSection(SolutionConfigurationPlatforms) = preSolution
		Debug|Any CPU = Debug|Any CPU
		Release|Any CPU = Release|Any CPU
	EndGlobalSection
	GlobalSection(ProjectConfigurationPlatforms) = postSolution
		{A61EDC9B-ABE6-4488-B5B3-6EC70DF793DB}.Debug|Any CPU.ActiveCfg = Debug|Any CPU
		{A61EDC9B-ABE6-4488-B5B3-6EC70DF793DB}.Debug|Any CPU.Build.0 = Debug|Any CPU
		{A61EDC9B-ABE6-4488-B5B3-6EC70DF793DB}.Release|Any CPU.ActiveCfg = Release|Any CPU
		{A61EDC9B-ABE6-4488-B5B3-6EC70DF793DB}.Release|Any CPU.Build.0 = Release|Any CPU
	EndGlobalSection
	GlobalSection(SolutionProperties) = preSolution
		HideSolutionNode = FALSE
	EndGlobalSection
EndGlobal
